
Microsoft Visual Studio Solution File, Format Version 12.00
# Visual Studio Version 17
VisualStudioVersion = 17.6.33723.286
MinimumVisualStudioVersion = 10.0.40219.1
Project("{FAE04EC0-301F-11D3-BF4B-00C04F79EFBC}") = "mock_emu", "mock_emu\mock_emu.csproj", "{C2834EA7-71BF-438B-B675-FF9C85882AF7}"
EndProject
Global
	GlobalSection(SolutionConfigurationPlatforms) = preSolution
		Debug|Any CPU = Debug|Any CPU
		Release|Any CPU = Release|Any CPU
	EndGlobalSection
	GlobalSection(ProjectConfigurationPlatforms) = postSolution
		{C2834EA7-71BF-438B-B675-FF9C85882AF7}.Debug|Any CPU.ActiveCfg = Debug|Any CPU
		{C2834EA7-71BF-438B-B675-FF9C85882AF7}.Debug|Any CPU.Build.0 = Debug|Any CPU
		{C2834EA7-71BF-438B-B675-FF9C85882AF7}.Release|Any CPU.ActiveCfg = Release|Any CPU
		{C2834EA7-71BF-438B-B675-FF9C85882AF7}.Release|Any CPU.Build.0 = Release|Any CPU
	EndGlobalSection
	GlobalSection(SolutionProperties) = preSolution
		HideSolutionNode = FALSE
	EndGlobalSection
	GlobalSection(ExtensibilityGlobals) = postSolution
		SolutionGuid = {D5ABDD9F-B951-4D41-9001-7E5CB5D69DD4}
	EndGlobalSection
EndGlobal
